# This file is automatically @generated by Cargo.
# It is not intended for manual editing.
version = 4

[[package]]
name = "steamless-c-abi"
version = "1.0.0"
dependencies = [
 "steamless-core",
]

[[package]]
name = "steamless-cli"
version = "1.0.0"
dependencies = [
 "steamless-core",
]

[[package]]
name = "steamless-core"
version = "1.0.0"
